
Microsoft Visual Studio Solution File, Format Version 12.00
# Visual Studio 2013
VisualStudioVersion = 12.0.21005.1
MinimumVisualStudioVersion = 10.0.40219.1
Project("{FAE04EC0-301F-11D3-BF4B-00C04F79EFBC}") = "SGTViewer", "SGTViewer\SGTViewer.csproj", "{0BC7FF04-A890-4FFC-873B-61F37A4BAA31}"
EndProject
Project("{FAE04EC0-301F-11D3-BF4B-00C04F79EFBC}") = "SGTReader", "SGTReader\SGTReader.csproj", "{687E2E41-9AA1-4FC8-B55A-77D9D9840C10}"
EndProject
Project("{FAE04EC0-301F-11D3-BF4B-00C04F79EFBC}") = "ZegGraphEnvision", "ZegGraphEnvision\ZegGraphEnvision.csproj", "{AF2822F7-1921-48D2-AD13-140E7987854F}"
EndProject
Project("{FAE04EC0-301F-11D3-BF4B-00C04F79EFBC}") = "SourceGrid", "SourceGrid\SourceGrid.csproj", "{2A5A1657-DBA8-4117-8E2A-9F1236ACE9E2}"
EndProject
Project("{FAE04EC0-301F-11D3-BF4B-00C04F79EFBC}") = "GraphLib", "GraphLib\GraphLib.csproj", "{0C0A1F4D-1363-4544-A7C5-196C76D26CCA}"
EndProject
Global
	GlobalSection(SolutionConfigurationPlatforms) = preSolution
		Debug|Any CPU = Debug|Any CPU
		Debug|Mixed Platforms = Debug|Mixed Platforms
		Debug|x64 = Debug|x64
		Debug|x86 = Debug|x86
		Release|Any CPU = Release|Any CPU
		Release|Mixed Platforms = Release|Mixed Platforms
		Release|x64 = Release|x64
		Release|x86 = Release|x86
	EndGlobalSection
	GlobalSection(ProjectConfigurationPlatforms) = postSolution
		{0BC7FF04-A890-4FFC-873B-61F37A4BAA31}.Debug|Any CPU.ActiveCfg = Debug|Any CPU
		{0BC7FF04-A890-4FFC-873B-61F37A4BAA31}.Debug|Any CPU.Build.0 = Debug|Any CPU
		{0BC7FF04-A890-4FFC-873B-61F37A4BAA31}.Debug|Mixed Platforms.ActiveCfg = Debug|x86
		{0BC7FF04-A890-4FFC-873B-61F37A4BAA31}.Debug|Mixed Platforms.Build.0 = Debug|x86
		{0BC7FF04-A890-4FFC-873B-61F37A4BAA31}.Debug|x64.ActiveCfg = Debug|x64
		{0BC7FF04-A890-4FFC-873B-61F37A4BAA31}.Debug|x64.Build.0 = Debug|x64
		{0BC7FF04-A890-4FFC-873B-61F37A4BAA31}.Debug|x86.ActiveCfg = Debug|x86
		{0BC7FF04-A890-4FFC-873B-61F37A4BAA31}.Debug|x86.Build.0 = Debug|x86
		{0BC7FF04-A890-4FFC-873B-61F37A4BAA31}.Release|Any CPU.ActiveCfg = Release|Any CPU
		{0BC7FF04-A890-4FFC-873B-61F37A4BAA31}.Release|Any CPU.Build.0 = Release|Any CPU
		{0BC7FF04-A890-4FFC-873B-61F37A4BAA31}.Release|Mixed Platforms.ActiveCfg = Release|Any CPU
		{0BC7FF04-A890-4FFC-873B-61F37A4BAA31}.Release|Mixed Platforms.Build.0 = Release|Any CPU
		{0BC7FF04-A890-4FFC-873B-61F37A4BAA31}.Release|x64.ActiveCfg = Release|x64
		{0BC7FF04-A890-4FFC-873B-61F37A4BAA31}.Release|x64.Build.0 = Release|x64
		{0BC7FF04-A890-4FFC-873B-61F37A4BAA31}.Release|x86.ActiveCfg = Release|x86
		{0BC7FF04-A890-4FFC-873B-61F37A4BAA31}.Release|x86.Build.0 = Release|x86
		{687E2E41-9AA1-4FC8-B55A-77D9D9840C10}.Debug|Any CPU.ActiveCfg = Debug|Any CPU
		{687E2E41-9AA1-4FC8-B55A-77D9D9840C10}.Debug|Any CPU.Build.0 = Debug|Any CPU
		{687E2E41-9AA1-4FC8-B55A-77D9D9840C10}.Debug|Mixed Platforms.ActiveCfg = Debug|x86
		{687E2E41-9AA1-4FC8-B55A-77D9D9840C10}.Debug|Mixed Platforms.Build.0 = Debug|x86
		{687E2E41-9AA1-4FC8-B55A-77D9D9840C10}.Debug|x64.ActiveCfg = Debug|x64
		{687E2E41-9AA1-4FC8-B55A-77D9D9840C10}.Debug|x64.Build.0 = Debug|x64
		{687E2E41-9AA1-4FC8-B55A-77D9D9840C10}.Debug|x86.ActiveCfg = Debug|x86
		{687E2E41-9AA1-4FC8-B55A-77D9D9840C10}.Debug|x86.Build.0 = Debug|x86
		{687E2E41-9AA1-4FC8-B55A-77D9D9840C10}.Release|Any CPU.ActiveCfg = Release|Any CPU
		{687E2E41-9AA1-4FC8-B55A-77D9D9840C10}.Release|Any CPU.Build.0 = Release|Any CPU
		{687E2E41-9AA1-4FC8-B55A-77D9D9840C10}.Release|Mixed Platforms.ActiveCfg = Release|Any CPU
		{687E2E41-9AA1-4FC8-B55A-77D9D9840C10}.Release|Mixed Platforms.Build.0 = Release|Any CPU
		{687E2E41-9AA1-4FC8-B55A-77D9D9840C10}.Release|x64.ActiveCfg = Release|x64
		{687E2E41-9AA1-4FC8-B55A-77D9D9840C10}.Release|x64.Build.0 = Release|x64
		{687E2E41-9AA1-4FC8-B55A-77D9D9840C10}.Release|x86.ActiveCfg = Release|x86
		{687E2E41-9AA1-4FC8-B55A-77D9D9840C10}.Release|x86.Build.0 = Release|x86
		{AF2822F7-1921-48D2-AD13-140E7987854F}.Debug|Any CPU.ActiveCfg = Debug|Any CPU
		{AF2822F7-1921-48D2-AD13-140E7987854F}.Debug|Any CPU.Build.0 = Debug|Any CPU
		{AF2822F7-1921-48D2-AD13-140E7987854F}.Debug|Mixed Platforms.ActiveCfg = Debug|x86
		{AF2822F7-1921-48D2-AD13-140E7987854F}.Debug|Mixed Platforms.Build.0 = Debug|x86
		{AF2822F7-1921-48D2-AD13-140E7987854F}.Debug|x64.ActiveCfg = Debug|x64
		{AF2822F7-1921-48D2-AD13-140E7987854F}.Debug|x86.ActiveCfg = Debug|x86
		{AF2822F7-1921-48D2-AD13-140E7987854F}.Debug|x86.Build.0 = Debug|x86
		{AF2822F7-1921-48D2-AD13-140E7987854F}.Release|Any CPU.ActiveCfg = Release|Any CPU
		{AF2822F7-1921-48D2-AD13-140E7987854F}.Release|Any CPU.Build.0 = Release|Any CPU
		{AF2822F7-1921-48D2-AD13-140E7987854F}.Release|Mixed Platforms.ActiveCfg = Release|Any CPU
		{AF2822F7-1921-48D2-AD13-140E7987854F}.Release|Mixed Platforms.Build.0 = Release|Any CPU
		{AF2822F7-1921-48D2-AD13-140E7987854F}.Release|x64.ActiveCfg = Release|Any CPU
		{AF2822F7-1921-48D2-AD13-140E7987854F}.Release|x86.ActiveCfg = Release|x86
		{AF2822F7-1921-48D2-AD13-140E7987854F}.Release|x86.Build.0 = Release|x86
		{2A5A1657-DBA8-4117-8E2A-9F1236ACE9E2}.Debug|Any CPU.ActiveCfg = Debug|Any CPU
		{2A5A1657-DBA8-4117-8E2A-9F1236ACE9E2}.Debug|Any CPU.Build.0 = Debug|Any CPU
		{2A5A1657-DBA8-4117-8E2A-9F1236ACE9E2}.Debug|Mixed Platforms.ActiveCfg = Debug|x86
		{2A5A1657-DBA8-4117-8E2A-9F1236ACE9E2}.Debug|Mixed Platforms.Build.0 = Debug|x86
		{2A5A1657-DBA8-4117-8E2A-9F1236ACE9E2}.Debug|x64.ActiveCfg = Debug|x64
		{2A5A1657-DBA8-4117-8E2A-9F1236ACE9E2}.Debug|x64.Build.0 = Debug|x64
		{2A5A1657-DBA8-4117-8E2A-9F1236ACE9E2}.Debug|x86.ActiveCfg = Debug|x86
		{2A5A1657-DBA8-4117-8E2A-9F1236ACE9E2}.Debug|x86.Build.0 = Debug|x86
		{2A5A1657-DBA8-4117-8E2A-9F1236ACE9E2}.Release|Any CPU.ActiveCfg = Release|Any CPU
		{2A5A1657-DBA8-4117-8E2A-9F1236ACE9E2}.Release|Any CPU.Build.0 = Release|Any CPU
		{2A5A1657-DBA8-4117-8E2A-9F1236ACE9E2}.Release|Mixed Platforms.ActiveCfg = Release|x86
		{2A5A1657-DBA8-4117-8E2A-9F1236ACE9E2}.Release|Mixed Platforms.Build.0 = Release|x86
		{2A5A1657-DBA8-4117-8E2A-9F1236ACE9E2}.Release|x64.ActiveCfg = Release|x64
		{2A5A1657-DBA8-4117-8E2A-9F1236ACE9E2}.Release|x64.Build.0 = Release|x64
		{2A5A1657-DBA8-4117-8E2A-9F1236ACE9E2}.Release|x86.ActiveCfg = Release|x86
		{2A5A1657-DBA8-4117-8E2A-9F1236ACE9E2}.Release|x86.Build.0 = Release|x86
		{0C0A1F4D-1363-4544-A7C5-196C76D26CCA}.Debug|Any CPU.ActiveCfg = Debug|Any CPU
		{0C0A1F4D-1363-4544-A7C5-196C76D26CCA}.Debug|Any CPU.Build.0 = Debug|Any CPU
		{0C0A1F4D-1363-4544-A7C5-196C76D26CCA}.Debug|Mixed Platforms.ActiveCfg = Debug|Any CPU
		{0C0A1F4D-1363-4544-A7C5-196C76D26CCA}.Debug|Mixed Platforms.Build.0 = Debug|Any CPU
		{0C0A1F4D-1363-4544-A7C5-196C76D26CCA}.Debug|x64.ActiveCfg = Debug|Any CPU
		{0C0A1F4D-1363-4544-A7C5-196C76D26CCA}.Debug|x86.ActiveCfg = Debug|Any CPU
		{0C0A1F4D-1363-4544-A7C5-196C76D26CCA}.Release|Any CPU.ActiveCfg = Release|Any CPU
		{0C0A1F4D-1363-4544-A7C5-196C76D26CCA}.Release|Any CPU.Build.0 = Release|Any CPU
		{0C0A1F4D-1363-4544-A7C5-196C76D26CCA}.Release|Mixed Platforms.ActiveCfg = Release|Any CPU
		{0C0A1F4D-1363-4544-A7C5-196C76D26CCA}.Release|Mixed Platforms.Build.0 = Release|Any CPU
		{0C0A1F4D-1363-4544-A7C5-196C76D26CCA}.Release|x64.ActiveCfg = Release|Any CPU
		{0C0A1F4D-1363-4544-A7C5-196C76D26CCA}.Release|x86.ActiveCfg = Release|Any CPU
	EndGlobalSection
	GlobalSection(SolutionProperties) = preSolution
		HideSolutionNode = FALSE
	EndGlobalSection
EndGlobal
